
Microsoft Visual Studio Solution File, Format Version 12.00
# Visual Studio Version 17
VisualStudioVersion = 17.0.31903.59
MinimumVisualStudioVersion = 10.0.40219.1
Project("{FAE04EC0-301F-11D3-BF4B-00C04F79EFBC}") = "SupportToolsServer", "SupportToolsServer\SupportToolsServer.csproj", "{4FD40ED6-E14D-4B2F-9C2F-A1753BDA92CA}"
EndProject
Project("{FAE04EC0-301F-11D3-BF4B-00C04F79EFBC}") = "LibSupportToolsServerRepositories", "LibSupportToolsServerRepositories\LibSupportToolsServerRepositories.csproj", "{C00F57AB-D616-4AF7-B103-71B34263ED88}"
EndProject
Project("{FAE04EC0-301F-11D3-BF4B-00C04F79EFBC}") = "SupportToolsServerDb", "SupportToolsServerDb\SupportToolsServerDb.csproj", "{2C78B58B-7AFD-4BA6-AC74-F70B8F9BBF92}"
EndProject
Project("{FAE04EC0-301F-11D3-BF4B-00C04F79EFBC}") = "SupportToolsServerDbMigration", "SupportToolsServerDbMigration\SupportToolsServerDbMigration.csproj", "{6DAE37B4-372E-47ED-8E0C-A7617F0F86AD}"
EndProject
Project("{2150E333-8FDC-42A3-9474-1A3956D46DE8}") = "SystemTools", "SystemTools", "{CB720E79-FAF5-485B-84EF-8C1CAC0FB5E8}"
EndProject
Project("{FAE04EC0-301F-11D3-BF4B-00C04F79EFBC}") = "SystemToolsShared", "..\SystemTools\SystemToolsShared\SystemToolsShared.csproj", "{C2F3947D-8DAE-4FF5-9B0D-957E68A9FDC9}"
EndProject
Project("{2150E333-8FDC-42A3-9474-1A3956D46DE8}") = "WebSystemTools", "WebSystemTools", "{15FBC5D6-C759-477D-BF9F-2D3533930FB0}"
EndProject
Project("{FAE04EC0-301F-11D3-BF4B-00C04F79EFBC}") = "WebInstallers", "..\WebSystemTools\WebInstallers\WebInstallers.csproj", "{512F9BF3-0229-471F-AFBD-CDEF9BE1D1A3}"
EndProject
Project("{FAE04EC0-301F-11D3-BF4B-00C04F79EFBC}") = "ApiContracts", "..\SystemTools\ApiContracts\ApiContracts.csproj", "{F4E790B3-8C7B-4FE1-BA08-A6A6C8559B59}"
EndProject
Project("{FAE04EC0-301F-11D3-BF4B-00C04F79EFBC}") = "StringMessagesApiContracts", "..\SystemTools\StringMessagesApiContracts\StringMessagesApiContracts.csproj", "{A350777C-EF7A-4884-A8AB-EAA50615F301}"
EndProject
Project("{FAE04EC0-301F-11D3-BF4B-00C04F79EFBC}") = "SignalRMessages", "..\WebSystemTools\SignalRMessages\SignalRMessages.csproj", "{9FC2EF11-F6FF-431B-AAEC-13308BB62B0D}"
EndProject
Project("{FAE04EC0-301F-11D3-BF4B-00C04F79EFBC}") = "ApiExceptionHandler", "..\WebSystemTools\ApiExceptionHandler\ApiExceptionHandler.csproj", "{C1C66F36-D559-4292-B109-36B9FDD3565B}"
EndProject
Project("{FAE04EC0-301F-11D3-BF4B-00C04F79EFBC}") = "TestToolsData", "..\WebSystemTools\TestToolsData\TestToolsData.csproj", "{DB3CF116-1368-4676-BC70-5405071140D2}"
EndProject
Project("{FAE04EC0-301F-11D3-BF4B-00C04F79EFBC}") = "TestApiContracts", "..\SystemTools\TestApiContracts\TestApiContracts.csproj", "{C059F1B2-E4B2-4FDB-9A73-94D617CC77E3}"
EndProject
Project("{FAE04EC0-301F-11D3-BF4B-00C04F79EFBC}") = "TestToolsApi", "..\WebSystemTools\TestToolsApi\TestToolsApi.csproj", "{B2AC1514-E3CB-48FE-9DF4-A88388BE92DE}"
EndProject
Project("{FAE04EC0-301F-11D3-BF4B-00C04F79EFBC}") = "StaticFilesTools", "..\WebSystemTools\StaticFilesTools\StaticFilesTools.csproj", "{A5CFE61B-FCCC-4745-8421-7C1048D86202}"
EndProject
Project("{FAE04EC0-301F-11D3-BF4B-00C04F79EFBC}") = "ConfigurationEncrypt", "..\WebSystemTools\ConfigurationEncrypt\ConfigurationEncrypt.csproj", "{BB78BFB3-7CFE-4D4E-A2E9-F7BBD0F615EE}"
EndProject
Project("{FAE04EC0-301F-11D3-BF4B-00C04F79EFBC}") = "SerilogLogger", "..\WebSystemTools\SerilogLogger\SerilogLogger.csproj", "{850FC76B-F1DB-474B-9D03-9ECCC94FED55}"
EndProject
Project("{FAE04EC0-301F-11D3-BF4B-00C04F79EFBC}") = "SwaggerTools", "..\WebSystemTools\SwaggerTools\SwaggerTools.csproj", "{63333DDA-0420-4308-90F5-6F42D4F79AD6}"
EndProject
Project("{FAE04EC0-301F-11D3-BF4B-00C04F79EFBC}") = "WindowsServiceTools", "..\WebSystemTools\WindowsServiceTools\WindowsServiceTools.csproj", "{0A9DC8C3-2ED4-4C1A-BA54-53EB866E20D9}"
EndProject
Project("{FAE04EC0-301F-11D3-BF4B-00C04F79EFBC}") = "SupportToolsServerApi", "SupportToolsServerApi\SupportToolsServerApi.csproj", "{28D32CAA-5A81-4B4F-9646-EAB563A34641}"
EndProject
Project("{2150E333-8FDC-42A3-9474-1A3956D46DE8}") = "SupportToolsServerShared", "SupportToolsServerShared", "{5A76657F-CF5D-46C7-961B-23384AC50A23}"
EndProject
Project("{FAE04EC0-301F-11D3-BF4B-00C04F79EFBC}") = "FakeHost", "FakeConsole\FakeHost.csproj", "{138D1007-05D9-4184-98BD-7081BD10F1C9}"
EndProject
Project("{FAE04EC0-301F-11D3-BF4B-00C04F79EFBC}") = "SupportToolsServerApiContracts", "..\SupportToolsServerShared\SupportToolsServerApiContracts\SupportToolsServerApiContracts.csproj", "{F5304D27-B320-6AEE-7697-8FF92BBBFBF1}"
EndProject
Project("{FAE04EC0-301F-11D3-BF4B-00C04F79EFBC}") = "ApiKeyIdentity", "..\WebSystemTools\ApiKeyIdentity\ApiKeyIdentity.csproj", "{CCACD52F-6A98-A9F6-990D-50E9FC231E81}"
EndProject
Project("{FAE04EC0-301F-11D3-BF4B-00C04F79EFBC}") = "MediatRMessagingAbstractions", "..\SystemTools\MediatRMessagingAbstractions\MediatRMessagingAbstractions.csproj", "{401389A9-72ED-5AE8-A533-8BA7BF15D5ED}"
EndProject
Project("{FAE04EC0-301F-11D3-BF4B-00C04F79EFBC}") = "SupportToolsServerDom", "SupportToolsServerDom\SupportToolsServerDom.csproj", "{E97C7400-DD03-495C-A20B-33B004203DAD}"
EndProject
Project("{FAE04EC0-301F-11D3-BF4B-00C04F79EFBC}") = "SupportToolsServerRepositories", "SupportToolsServerRepositories\SupportToolsServerRepositories.csproj", "{7E98BABB-DCB3-4EFF-8D41-87B639140D3B}"
EndProject
Project("{FAE04EC0-301F-11D3-BF4B-00C04F79EFBC}") = "ApiKeysManagement", "..\SystemTools\ApiKeysManagement\ApiKeysManagement.csproj", "{03AA1305-F1AF-0F4D-A8DF-D94A1E5A3BD0}"
EndProject
Global
	GlobalSection(SolutionConfigurationPlatforms) = preSolution
		Debug|Any CPU = Debug|Any CPU
		Release|Any CPU = Release|Any CPU
	EndGlobalSection
	GlobalSection(ProjectConfigurationPlatforms) = postSolution
		{4FD40ED6-E14D-4B2F-9C2F-A1753BDA92CA}.Debug|Any CPU.ActiveCfg = Debug|Any CPU
		{4FD40ED6-E14D-4B2F-9C2F-A1753BDA92CA}.Debug|Any CPU.Build.0 = Debug|Any CPU
		{4FD40ED6-E14D-4B2F-9C2F-A1753BDA92CA}.Release|Any CPU.ActiveCfg = Release|Any CPU
		{4FD40ED6-E14D-4B2F-9C2F-A1753BDA92CA}.Release|Any CPU.Build.0 = Release|Any CPU
		{C00F57AB-D616-4AF7-B103-71B34263ED88}.Debug|Any CPU.ActiveCfg = Debug|Any CPU
		{C00F57AB-D616-4AF7-B103-71B34263ED88}.Debug|Any CPU.Build.0 = Debug|Any CPU
		{C00F57AB-D616-4AF7-B103-71B34263ED88}.Release|Any CPU.ActiveCfg = Release|Any CPU
		{C00F57AB-D616-4AF7-B103-71B34263ED88}.Release|Any CPU.Build.0 = Release|Any CPU
		{2C78B58B-7AFD-4BA6-AC74-F70B8F9BBF92}.Debug|Any CPU.ActiveCfg = Debug|Any CPU
		{2C78B58B-7AFD-4BA6-AC74-F70B8F9BBF92}.Debug|Any CPU.Build.0 = Debug|Any CPU
		{2C78B58B-7AFD-4BA6-AC74-F70B8F9BBF92}.Release|Any CPU.ActiveCfg = Release|Any CPU
		{2C78B58B-7AFD-4BA6-AC74-F70B8F9BBF92}.Release|Any CPU.Build.0 = Release|Any CPU
		{6DAE37B4-372E-47ED-8E0C-A7617F0F86AD}.Debug|Any CPU.ActiveCfg = Debug|Any CPU
		{6DAE37B4-372E-47ED-8E0C-A7617F0F86AD}.Debug|Any CPU.Build.0 = Debug|Any CPU
		{6DAE37B4-372E-47ED-8E0C-A7617F0F86AD}.Release|Any CPU.ActiveCfg = Release|Any CPU
		{6DAE37B4-372E-47ED-8E0C-A7617F0F86AD}.Release|Any CPU.Build.0 = Release|Any CPU
		{C2F3947D-8DAE-4FF5-9B0D-957E68A9FDC9}.Debug|Any CPU.ActiveCfg = Debug|Any CPU
		{C2F3947D-8DAE-4FF5-9B0D-957E68A9FDC9}.Debug|Any CPU.Build.0 = Debug|Any CPU
		{C2F3947D-8DAE-4FF5-9B0D-957E68A9FDC9}.Release|Any CPU.ActiveCfg = Release|Any CPU
		{C2F3947D-8DAE-4FF5-9B0D-957E68A9FDC9}.Release|Any CPU.Build.0 = Release|Any CPU
		{512F9BF3-0229-471F-AFBD-CDEF9BE1D1A3}.Debug|Any CPU.ActiveCfg = Debug|Any CPU
		{512F9BF3-0229-471F-AFBD-CDEF9BE1D1A3}.Debug|Any CPU.Build.0 = Debug|Any CPU
		{512F9BF3-0229-471F-AFBD-CDEF9BE1D1A3}.Release|Any CPU.ActiveCfg = Release|Any CPU
		{512F9BF3-0229-471F-AFBD-CDEF9BE1D1A3}.Release|Any CPU.Build.0 = Release|Any CPU
		{F4E790B3-8C7B-4FE1-BA08-A6A6C8559B59}.Debug|Any CPU.ActiveCfg = Debug|Any CPU
		{F4E790B3-8C7B-4FE1-BA08-A6A6C8559B59}.Debug|Any CPU.Build.0 = Debug|Any CPU
		{F4E790B3-8C7B-4FE1-BA08-A6A6C8559B59}.Release|Any CPU.ActiveCfg = Release|Any CPU
		{F4E790B3-8C7B-4FE1-BA08-A6A6C8559B59}.Release|Any CPU.Build.0 = Release|Any CPU
		{A350777C-EF7A-4884-A8AB-EAA50615F301}.Debug|Any CPU.ActiveCfg = Debug|Any CPU
		{A350777C-EF7A-4884-A8AB-EAA50615F301}.Debug|Any CPU.Build.0 = Debug|Any CPU
		{A350777C-EF7A-4884-A8AB-EAA50615F301}.Release|Any CPU.ActiveCfg = Release|Any CPU
		{A350777C-EF7A-4884-A8AB-EAA50615F301}.Release|Any CPU.Build.0 = Release|Any CPU
		{9FC2EF11-F6FF-431B-AAEC-13308BB62B0D}.Debug|Any CPU.ActiveCfg = Debug|Any CPU
		{9FC2EF11-F6FF-431B-AAEC-13308BB62B0D}.Debug|Any CPU.Build.0 = Debug|Any CPU
		{9FC2EF11-F6FF-431B-AAEC-13308BB62B0D}.Release|Any CPU.ActiveCfg = Release|Any CPU
		{9FC2EF11-F6FF-431B-AAEC-13308BB62B0D}.Release|Any CPU.Build.0 = Release|Any CPU
		{C1C66F36-D559-4292-B109-36B9FDD3565B}.Debug|Any CPU.ActiveCfg = Debug|Any CPU
		{C1C66F36-D559-4292-B109-36B9FDD3565B}.Debug|Any CPU.Build.0 = Debug|Any CPU
		{C1C66F36-D559-4292-B109-36B9FDD3565B}.Release|Any CPU.ActiveCfg = Release|Any CPU
		{C1C66F36-D559-4292-B109-36B9FDD3565B}.Release|Any CPU.Build.0 = Release|Any CPU
		{DB3CF116-1368-4676-BC70-5405071140D2}.Debug|Any CPU.ActiveCfg = Debug|Any CPU
		{DB3CF116-1368-4676-BC70-5405071140D2}.Debug|Any CPU.Build.0 = Debug|Any CPU
		{DB3CF116-1368-4676-BC70-5405071140D2}.Release|Any CPU.ActiveCfg = Release|Any CPU
		{DB3CF116-1368-4676-BC70-5405071140D2}.Release|Any CPU.Build.0 = Release|Any CPU
		{C059F1B2-E4B2-4FDB-9A73-94D617CC77E3}.Debug|Any CPU.ActiveCfg = Debug|Any CPU
		{C059F1B2-E4B2-4FDB-9A73-94D617CC77E3}.Debug|Any CPU.Build.0 = Debug|Any CPU
		{C059F1B2-E4B2-4FDB-9A73-94D617CC77E3}.Release|Any CPU.ActiveCfg = Release|Any CPU
		{C059F1B2-E4B2-4FDB-9A73-94D617CC77E3}.Release|Any CPU.Build.0 = Release|Any CPU
		{B2AC1514-E3CB-48FE-9DF4-A88388BE92DE}.Debug|Any CPU.ActiveCfg = Debug|Any CPU
		{B2AC1514-E3CB-48FE-9DF4-A88388BE92DE}.Debug|Any CPU.Build.0 = Debug|Any CPU
		{B2AC1514-E3CB-48FE-9DF4-A88388BE92DE}.Release|Any CPU.ActiveCfg = Release|Any CPU
		{B2AC1514-E3CB-48FE-9DF4-A88388BE92DE}.Release|Any CPU.Build.0 = Release|Any CPU
		{A5CFE61B-FCCC-4745-8421-7C1048D86202}.Debug|Any CPU.ActiveCfg = Debug|Any CPU
		{A5CFE61B-FCCC-4745-8421-7C1048D86202}.Debug|Any CPU.Build.0 = Debug|Any CPU
		{A5CFE61B-FCCC-4745-8421-7C1048D86202}.Release|Any CPU.ActiveCfg = Release|Any CPU
		{A5CFE61B-FCCC-4745-8421-7C1048D86202}.Release|Any CPU.Build.0 = Release|Any CPU
		{BB78BFB3-7CFE-4D4E-A2E9-F7BBD0F615EE}.Debug|Any CPU.ActiveCfg = Debug|Any CPU
		{BB78BFB3-7CFE-4D4E-A2E9-F7BBD0F615EE}.Debug|Any CPU.Build.0 = Debug|Any CPU
		{BB78BFB3-7CFE-4D4E-A2E9-F7BBD0F615EE}.Release|Any CPU.ActiveCfg = Release|Any CPU
		{BB78BFB3-7CFE-4D4E-A2E9-F7BBD0F615EE}.Release|Any CPU.Build.0 = Release|Any CPU
		{850FC76B-F1DB-474B-9D03-9ECCC94FED55}.Debug|Any CPU.ActiveCfg = Debug|Any CPU
		{850FC76B-F1DB-474B-9D03-9ECCC94FED55}.Debug|Any CPU.Build.0 = Debug|Any CPU
		{850FC76B-F1DB-474B-9D03-9ECCC94FED55}.Release|Any CPU.ActiveCfg = Release|Any CPU
		{850FC76B-F1DB-474B-9D03-9ECCC94FED55}.Release|Any CPU.Build.0 = Release|Any CPU
		{63333DDA-0420-4308-90F5-6F42D4F79AD6}.Debug|Any CPU.ActiveCfg = Debug|Any CPU
		{63333DDA-0420-4308-90F5-6F42D4F79AD6}.Debug|Any CPU.Build.0 = Debug|Any CPU
		{63333DDA-0420-4308-90F5-6F42D4F79AD6}.Release|Any CPU.ActiveCfg = Release|Any CPU
		{63333DDA-0420-4308-90F5-6F42D4F79AD6}.Release|Any CPU.Build.0 = Release|Any CPU
		{0A9DC8C3-2ED4-4C1A-BA54-53EB866E20D9}.Debug|Any CPU.ActiveCfg = Debug|Any CPU
		{0A9DC8C3-2ED4-4C1A-BA54-53EB866E20D9}.Debug|Any CPU.Build.0 = Debug|Any CPU
		{0A9DC8C3-2ED4-4C1A-BA54-53EB866E20D9}.Release|Any CPU.ActiveCfg = Release|Any CPU
		{0A9DC8C3-2ED4-4C1A-BA54-53EB866E20D9}.Release|Any CPU.Build.0 = Release|Any CPU
		{28D32CAA-5A81-4B4F-9646-EAB563A34641}.Debug|Any CPU.ActiveCfg = Debug|Any CPU
		{28D32CAA-5A81-4B4F-9646-EAB563A34641}.Debug|Any CPU.Build.0 = Debug|Any CPU
		{28D32CAA-5A81-4B4F-9646-EAB563A34641}.Release|Any CPU.ActiveCfg = Release|Any CPU
		{28D32CAA-5A81-4B4F-9646-EAB563A34641}.Release|Any CPU.Build.0 = Release|Any CPU
		{138D1007-05D9-4184-98BD-7081BD10F1C9}.Debug|Any CPU.ActiveCfg = Debug|Any CPU
		{138D1007-05D9-4184-98BD-7081BD10F1C9}.Debug|Any CPU.Build.0 = Debug|Any CPU
		{138D1007-05D9-4184-98BD-7081BD10F1C9}.Release|Any CPU.ActiveCfg = Release|Any CPU
		{138D1007-05D9-4184-98BD-7081BD10F1C9}.Release|Any CPU.Build.0 = Release|Any CPU
		{F5304D27-B320-6AEE-7697-8FF92BBBFBF1}.Debug|Any CPU.ActiveCfg = Debug|Any CPU
		{F5304D27-B320-6AEE-7697-8FF92BBBFBF1}.Debug|Any CPU.Build.0 = Debug|Any CPU
		{F5304D27-B320-6AEE-7697-8FF92BBBFBF1}.Release|Any CPU.ActiveCfg = Release|Any CPU
		{F5304D27-B320-6AEE-7697-8FF92BBBFBF1}.Release|Any CPU.Build.0 = Release|Any CPU
		{CCACD52F-6A98-A9F6-990D-50E9FC231E81}.Debug|Any CPU.ActiveCfg = Debug|Any CPU
		{CCACD52F-6A98-A9F6-990D-50E9FC231E81}.Debug|Any CPU.Build.0 = Debug|Any CPU
		{CCACD52F-6A98-A9F6-990D-50E9FC231E81}.Release|Any CPU.ActiveCfg = Release|Any CPU
		{CCACD52F-6A98-A9F6-990D-50E9FC231E81}.Release|Any CPU.Build.0 = Release|Any CPU
		{401389A9-72ED-5AE8-A533-8BA7BF15D5ED}.Debug|Any CPU.ActiveCfg = Debug|Any CPU
		{401389A9-72ED-5AE8-A533-8BA7BF15D5ED}.Debug|Any CPU.Build.0 = Debug|Any CPU
		{401389A9-72ED-5AE8-A533-8BA7BF15D5ED}.Release|Any CPU.ActiveCfg = Release|Any CPU
		{401389A9-72ED-5AE8-A533-8BA7BF15D5ED}.Release|Any CPU.Build.0 = Release|Any CPU
		{E97C7400-DD03-495C-A20B-33B004203DAD}.Debug|Any CPU.ActiveCfg = Debug|Any CPU
		{E97C7400-DD03-495C-A20B-33B004203DAD}.Debug|Any CPU.Build.0 = Debug|Any CPU
		{E97C7400-DD03-495C-A20B-33B004203DAD}.Release|Any CPU.ActiveCfg = Release|Any CPU
		{E97C7400-DD03-495C-A20B-33B004203DAD}.Release|Any CPU.Build.0 = Release|Any CPU
		{7E98BABB-DCB3-4EFF-8D41-87B639140D3B}.Debug|Any CPU.ActiveCfg = Debug|Any CPU
		{7E98BABB-DCB3-4EFF-8D41-87B639140D3B}.Debug|Any CPU.Build.0 = Debug|Any CPU
		{7E98BABB-DCB3-4EFF-8D41-87B639140D3B}.Release|Any CPU.ActiveCfg = Release|Any CPU
		{7E98BABB-DCB3-4EFF-8D41-87B639140D3B}.Release|Any CPU.Build.0 = Release|Any CPU
		{03AA1305-F1AF-0F4D-A8DF-D94A1E5A3BD0}.Debug|Any CPU.ActiveCfg = Debug|Any CPU
		{03AA1305-F1AF-0F4D-A8DF-D94A1E5A3BD0}.Debug|Any CPU.Build.0 = Debug|Any CPU
		{03AA1305-F1AF-0F4D-A8DF-D94A1E5A3BD0}.Release|Any CPU.ActiveCfg = Release|Any CPU
		{03AA1305-F1AF-0F4D-A8DF-D94A1E5A3BD0}.Release|Any CPU.Build.0 = Release|Any CPU
	EndGlobalSection
	GlobalSection(SolutionProperties) = preSolution
		HideSolutionNode = FALSE
	EndGlobalSection
	GlobalSection(NestedProjects) = preSolution
		{C2F3947D-8DAE-4FF5-9B0D-957E68A9FDC9} = {CB720E79-FAF5-485B-84EF-8C1CAC0FB5E8}
		{512F9BF3-0229-471F-AFBD-CDEF9BE1D1A3} = {15FBC5D6-C759-477D-BF9F-2D3533930FB0}
		{F4E790B3-8C7B-4FE1-BA08-A6A6C8559B59} = {CB720E79-FAF5-485B-84EF-8C1CAC0FB5E8}
		{A350777C-EF7A-4884-A8AB-EAA50615F301} = {CB720E79-FAF5-485B-84EF-8C1CAC0FB5E8}
		{9FC2EF11-F6FF-431B-AAEC-13308BB62B0D} = {15FBC5D6-C759-477D-BF9F-2D3533930FB0}
		{C1C66F36-D559-4292-B109-36B9FDD3565B} = {15FBC5D6-C759-477D-BF9F-2D3533930FB0}
		{DB3CF116-1368-4676-BC70-5405071140D2} = {15FBC5D6-C759-477D-BF9F-2D3533930FB0}
		{C059F1B2-E4B2-4FDB-9A73-94D617CC77E3} = {CB720E79-FAF5-485B-84EF-8C1CAC0FB5E8}
		{B2AC1514-E3CB-48FE-9DF4-A88388BE92DE} = {15FBC5D6-C759-477D-BF9F-2D3533930FB0}
		{A5CFE61B-FCCC-4745-8421-7C1048D86202} = {15FBC5D6-C759-477D-BF9F-2D3533930FB0}
		{BB78BFB3-7CFE-4D4E-A2E9-F7BBD0F615EE} = {15FBC5D6-C759-477D-BF9F-2D3533930FB0}
		{850FC76B-F1DB-474B-9D03-9ECCC94FED55} = {15FBC5D6-C759-477D-BF9F-2D3533930FB0}
		{63333DDA-0420-4308-90F5-6F42D4F79AD6} = {15FBC5D6-C759-477D-BF9F-2D3533930FB0}
		{0A9DC8C3-2ED4-4C1A-BA54-53EB866E20D9} = {15FBC5D6-C759-477D-BF9F-2D3533930FB0}
		{F5304D27-B320-6AEE-7697-8FF92BBBFBF1} = {5A76657F-CF5D-46C7-961B-23384AC50A23}
		{CCACD52F-6A98-A9F6-990D-50E9FC231E81} = {15FBC5D6-C759-477D-BF9F-2D3533930FB0}
		{401389A9-72ED-5AE8-A533-8BA7BF15D5ED} = {CB720E79-FAF5-485B-84EF-8C1CAC0FB5E8}
		{03AA1305-F1AF-0F4D-A8DF-D94A1E5A3BD0} = {CB720E79-FAF5-485B-84EF-8C1CAC0FB5E8}
	EndGlobalSection
	GlobalSection(ExtensibilityGlobals) = postSolution
		SolutionGuid = {078FEA0B-DE8E-488E-A3DF-7B91C67E1E5A}
	EndGlobalSection
EndGlobal
