
Microsoft Visual Studio Solution File, Format Version 12.00
# Visual Studio Version 17
VisualStudioVersion = 17.0.31903.59
MinimumVisualStudioVersion = 10.0.40219.1
Project("{FAE04EC0-301F-11D3-BF4B-00C04F79EFBC}") = "SupportToolsServer", "SupportToolsServer\SupportToolsServer.csproj", "{4FD40ED6-E14D-4B2F-9C2F-A1753BDA92CA}"
EndProject
Project("{FAE04EC0-301F-11D3-BF4B-00C04F79EFBC}") = "LibSupportToolsServerRepositories", "LibSupportToolsServerRepositories\LibSupportToolsServerRepositories.csproj", "{C00F57AB-D616-4AF7-B103-71B34263ED88}"
EndProject
Project("{2150E333-8FDC-42A3-9474-1A3956D46DE8}") = "SystemTools", "SystemTools", "{CB720E79-FAF5-485B-84EF-8C1CAC0FB5E8}"
EndProject
Project("{FAE04EC0-301F-11D3-BF4B-00C04F79EFBC}") = "SystemToolsShared", "..\SystemTools\SystemToolsShared\SystemToolsShared.csproj", "{C2F3947D-8DAE-4FF5-9B0D-957E68A9FDC9}"
EndProject
Project("{2150E333-8FDC-42A3-9474-1A3956D46DE8}") = "WebSystemTools", "WebSystemTools", "{15FBC5D6-C759-477D-BF9F-2D3533930FB0}"
EndProject
Project("{FAE04EC0-301F-11D3-BF4B-00C04F79EFBC}") = "WebInstallers", "..\WebSystemTools\WebInstallers\WebInstallers.csproj", "{512F9BF3-0229-471F-AFBD-CDEF9BE1D1A3}"
EndProject
Project("{FAE04EC0-301F-11D3-BF4B-00C04F79EFBC}") = "ApiContracts", "..\SystemTools\ApiContracts\ApiContracts.csproj", "{F4E790B3-8C7B-4FE1-BA08-A6A6C8559B59}"
EndProject
Project("{FAE04EC0-301F-11D3-BF4B-00C04F79EFBC}") = "StringMessagesApiContracts", "..\SystemTools\StringMessagesApiContracts\StringMessagesApiContracts.csproj", "{A350777C-EF7A-4884-A8AB-EAA50615F301}"
EndProject
Project("{FAE04EC0-301F-11D3-BF4B-00C04F79EFBC}") = "SignalRMessages", "..\WebSystemTools\SignalRMessages\SignalRMessages.csproj", "{9FC2EF11-F6FF-431B-AAEC-13308BB62B0D}"
EndProject
Project("{FAE04EC0-301F-11D3-BF4B-00C04F79EFBC}") = "ApiExceptionHandler", "..\WebSystemTools\ApiExceptionHandler\ApiExceptionHandler.csproj", "{C1C66F36-D559-4292-B109-36B9FDD3565B}"
EndProject
Project("{FAE04EC0-301F-11D3-BF4B-00C04F79EFBC}") = "TestToolsData", "..\WebSystemTools\TestToolsData\TestToolsData.csproj", "{DB3CF116-1368-4676-BC70-5405071140D2}"
EndProject
Project("{FAE04EC0-301F-11D3-BF4B-00C04F79EFBC}") = "TestApiContracts", "..\SystemTools\TestApiContracts\TestApiContracts.csproj", "{C059F1B2-E4B2-4FDB-9A73-94D617CC77E3}"
EndProject
Project("{FAE04EC0-301F-11D3-BF4B-00C04F79EFBC}") = "TestToolsApi", "..\WebSystemTools\TestToolsApi\TestToolsApi.csproj", "{B2AC1514-E3CB-48FE-9DF4-A88388BE92DE}"
EndProject
Project("{FAE04EC0-301F-11D3-BF4B-00C04F79EFBC}") = "StaticFilesTools", "..\WebSystemTools\StaticFilesTools\StaticFilesTools.csproj", "{A5CFE61B-FCCC-4745-8421-7C1048D86202}"
EndProject
Project("{FAE04EC0-301F-11D3-BF4B-00C04F79EFBC}") = "ConfigurationEncrypt", "..\WebSystemTools\ConfigurationEncrypt\ConfigurationEncrypt.csproj", "{BB78BFB3-7CFE-4D4E-A2E9-F7BBD0F615EE}"
EndProject
Project("{FAE04EC0-301F-11D3-BF4B-00C04F79EFBC}") = "SerilogLogger", "..\WebSystemTools\SerilogLogger\SerilogLogger.csproj", "{850FC76B-F1DB-474B-9D03-9ECCC94FED55}"
EndProject
Project("{FAE04EC0-301F-11D3-BF4B-00C04F79EFBC}") = "SwaggerTools", "..\WebSystemTools\SwaggerTools\SwaggerTools.csproj", "{63333DDA-0420-4308-90F5-6F42D4F79AD6}"
EndProject
Project("{FAE04EC0-301F-11D3-BF4B-00C04F79EFBC}") = "WindowsServiceTools", "..\WebSystemTools\WindowsServiceTools\WindowsServiceTools.csproj", "{0A9DC8C3-2ED4-4C1A-BA54-53EB866E20D9}"
EndProject
Project("{FAE04EC0-301F-11D3-BF4B-00C04F79EFBC}") = "SupportToolsServerApi", "SupportToolsServerApi\SupportToolsServerApi.csproj", "{28D32CAA-5A81-4B4F-9646-EAB563A34641}"
EndProject
Project("{2150E333-8FDC-42A3-9474-1A3956D46DE8}") = "SupportToolsServerShared", "SupportToolsServerShared", "{5A76657F-CF5D-46C7-961B-23384AC50A23}"
EndProject
Project("{FAE04EC0-301F-11D3-BF4B-00C04F79EFBC}") = "SupportToolsServerApiContracts", "..\SupportToolsServerShared\SupportToolsServerApiContracts\SupportToolsServerApiContracts.csproj", "{F5304D27-B320-6AEE-7697-8FF92BBBFBF1}"
EndProject
Project("{FAE04EC0-301F-11D3-BF4B-00C04F79EFBC}") = "ApiKeyIdentity", "..\WebSystemTools\ApiKeyIdentity\ApiKeyIdentity.csproj", "{CCACD52F-6A98-A9F6-990D-50E9FC231E81}"
EndProject
Project("{FAE04EC0-301F-11D3-BF4B-00C04F79EFBC}") = "MediatRMessagingAbstractions", "..\SystemTools\MediatRMessagingAbstractions\MediatRMessagingAbstractions.csproj", "{401389A9-72ED-5AE8-A533-8BA7BF15D5ED}"
EndProject
Project("{FAE04EC0-301F-11D3-BF4B-00C04F79EFBC}") = "SupportToolsServerDom", "SupportToolsServerDom\SupportToolsServerDom.csproj", "{E97C7400-DD03-495C-A20B-33B004203DAD}"
EndProject
Project("{FAE04EC0-301F-11D3-BF4B-00C04F79EFBC}") = "SupportToolsServerRepositories", "SupportToolsServerRepositories\SupportToolsServerRepositories.csproj", "{7E98BABB-DCB3-4EFF-8D41-87B639140D3B}"
EndProject
Project("{FAE04EC0-301F-11D3-BF4B-00C04F79EFBC}") = "ApiKeysManagement", "..\SystemTools\ApiKeysManagement\ApiKeysManagement.csproj", "{03AA1305-F1AF-0F4D-A8DF-D94A1E5A3BD0}"
EndProject
Project("{FAE04EC0-301F-11D3-BF4B-00C04F79EFBC}") = "DatabaseToolsShared", "..\SystemTools\DatabaseToolsShared\DatabaseToolsShared.csproj", "{C44870DB-E421-B877-9CA8-6CE64E0CBF62}"
EndProject
Project("{FAE04EC0-301F-11D3-BF4B-00C04F79EFBC}") = "SupportToolsServerMappers", "SupportToolsServerMappers\SupportToolsServerMappers.csproj", "{E1D58C11-215A-420A-A267-1D5409D1047C}"
EndProject
Project("{2150E333-8FDC-42A3-9474-1A3956D46DE8}") = "AppCliTools", "AppCliTools", "{02EA681E-C7D8-13C7-8484-4AC65E1B71E8}"
EndProject
Project("{FAE04EC0-301F-11D3-BF4B-00C04F79EFBC}") = "CliParameters", "..\AppCliTools\CliParameters\CliParameters.csproj", "{9AE3D6A1-0822-35DB-D17F-46A5B6035869}"
EndProject
Project("{2150E333-8FDC-42A3-9474-1A3956D46DE8}") = "ParametersManagement", "ParametersManagement", "{A1D04A56-2B1E-4ED7-AE08-4362E8FE30CD}"
EndProject
Project("{FAE04EC0-301F-11D3-BF4B-00C04F79EFBC}") = "LibParameters", "..\ParametersManagement\LibParameters\LibParameters.csproj", "{FAD11FB2-C700-51E2-566D-08ACAE1E6F3D}"
EndProject
Project("{2150E333-8FDC-42A3-9474-1A3956D46DE8}") = "ToolsManagement", "ToolsManagement", "{BBD9EC69-2B27-4256-8483-B839E416432A}"
EndProject
Project("{FAE04EC0-301F-11D3-BF4B-00C04F79EFBC}") = "LibToolActions", "..\ToolsManagement\LibToolActions\LibToolActions.csproj", "{228D97A1-61D4-EBDA-A420-F641107A7557}"
EndProject
Project("{FAE04EC0-301F-11D3-BF4B-00C04F79EFBC}") = "LibDatabaseParameters", "..\ParametersManagement\LibDatabaseParameters\LibDatabaseParameters.csproj", "{6693106C-D7E6-C73F-9B8B-78E939ED857F}"
EndProject
Project("{2150E333-8FDC-42A3-9474-1A3956D46DE8}") = "DatabaseTools", "DatabaseTools", "{BE189D4D-47E3-47AF-91B3-4AEF806735A9}"
EndProject
Project("{FAE04EC0-301F-11D3-BF4B-00C04F79EFBC}") = "DbTools", "..\DatabaseTools\DbTools\DbTools.csproj", "{E81F93E1-5B42-7459-DC6D-E86F454EB69E}"
EndProject
Project("{FAE04EC0-301F-11D3-BF4B-00C04F79EFBC}") = "LibDataInput", "..\AppCliTools\LibDataInput\LibDataInput.csproj", "{1AA7D66C-E120-E56E-738F-CFEA9B536790}"
EndProject
Project("{FAE04EC0-301F-11D3-BF4B-00C04F79EFBC}") = "CliMenu", "..\AppCliTools\CliMenu\CliMenu.csproj", "{875FD6D4-57CE-AC0A-F307-8028F0DD86F7}"
EndProject
Project("{FAE04EC0-301F-11D3-BF4B-00C04F79EFBC}") = "LibMenuInput", "..\AppCliTools\LibMenuInput\LibMenuInput.csproj", "{02595987-4EE3-133C-D06E-57B02508B0B1}"
EndProject
Project("{FAE04EC0-301F-11D3-BF4B-00C04F79EFBC}") = "LibApiClientParameters", "..\ParametersManagement\LibApiClientParameters\LibApiClientParameters.csproj", "{D4E53356-8CAC-94DE-9B1E-9DEC0C5EC3DC}"
EndProject
Project("{2150E333-8FDC-42A3-9474-1A3956D46DE8}") = "SupportToolsServerDbPart", "SupportToolsServerDbPart", "{2A39B18C-3190-4F69-989D-4B8ED0C59397}"
EndProject
Project("{FAE04EC0-301F-11D3-BF4B-00C04F79EFBC}") = "SeedSupportToolsServerDb", "..\SupportToolsServerDbPart\SeedSupportToolsServerDb\SeedSupportToolsServerDb.csproj", "{B55CA404-7863-2446-576A-ED4AAA031F27}"
EndProject
Project("{FAE04EC0-301F-11D3-BF4B-00C04F79EFBC}") = "SupportToolsServerDb", "..\SupportToolsServerDbPart\SupportToolsServerDb\SupportToolsServerDb.csproj", "{0814D87C-28C8-2375-A2F0-FD8B7107B798}"
EndProject
Project("{FAE04EC0-301F-11D3-BF4B-00C04F79EFBC}") = "SupportToolsServerDbDataSeeding", "..\SupportToolsServerDbPart\SupportToolsServerDbDataSeeding\SupportToolsServerDbDataSeeding.csproj", "{02461C50-FCC1-1618-C494-3BFAB32169D8}"
EndProject
Project("{FAE04EC0-301F-11D3-BF4B-00C04F79EFBC}") = "SupportToolsServerDbMigration", "..\SupportToolsServerDbPart\SupportToolsServerDbMigration\SupportToolsServerDbMigration.csproj", "{0293C561-84ED-3CE3-7C9C-073394141137}"
EndProject
Project("{FAE04EC0-301F-11D3-BF4B-00C04F79EFBC}") = "SupportToolsServerDbNewDataSeeding", "..\SupportToolsServerDbPart\SupportToolsServerDbNewDataSeeding\SupportToolsServerDbNewDataSeeding.csproj", "{C230B1E9-4B27-A9E4-CF26-3677A684761D}"
EndProject
Project("{FAE04EC0-301F-11D3-BF4B-00C04F79EFBC}") = "FakeHost", "..\SupportToolsServerDbPart\FakeHost\FakeHost.csproj", "{363DCD79-2348-0F2F-FD9A-8F703DE58C2A}"
EndProject
Project("{FAE04EC0-301F-11D3-BF4B-00C04F79EFBC}") = "RepositoriesDom", "..\SystemTools\RepositoriesDom\RepositoriesDom.csproj", "{12049C24-EDDC-BC88-CFCC-413C78EAEF29}"
EndProject
Project("{FAE04EC0-301F-11D3-BF4B-00C04F79EFBC}") = "SupportToolsServerApiKeyIdentity", "SupportToolsServerApiKeyIdentity\SupportToolsServerApiKeyIdentity.csproj", "{703D90CF-F225-4831-B64D-38DFF2BB009B}"
EndProject
Global
	GlobalSection(SolutionConfigurationPlatforms) = preSolution
		Debug|Any CPU = Debug|Any CPU
		Release|Any CPU = Release|Any CPU
	EndGlobalSection
	GlobalSection(ProjectConfigurationPlatforms) = postSolution
		{4FD40ED6-E14D-4B2F-9C2F-A1753BDA92CA}.Debug|Any CPU.ActiveCfg = Debug|Any CPU
		{4FD40ED6-E14D-4B2F-9C2F-A1753BDA92CA}.Debug|Any CPU.Build.0 = Debug|Any CPU
		{4FD40ED6-E14D-4B2F-9C2F-A1753BDA92CA}.Release|Any CPU.ActiveCfg = Release|Any CPU
		{4FD40ED6-E14D-4B2F-9C2F-A1753BDA92CA}.Release|Any CPU.Build.0 = Release|Any CPU
		{C00F57AB-D616-4AF7-B103-71B34263ED88}.Debug|Any CPU.ActiveCfg = Debug|Any CPU
		{C00F57AB-D616-4AF7-B103-71B34263ED88}.Debug|Any CPU.Build.0 = Debug|Any CPU
		{C00F57AB-D616-4AF7-B103-71B34263ED88}.Release|Any CPU.ActiveCfg = Release|Any CPU
		{C00F57AB-D616-4AF7-B103-71B34263ED88}.Release|Any CPU.Build.0 = Release|Any CPU
		{C2F3947D-8DAE-4FF5-9B0D-957E68A9FDC9}.Debug|Any CPU.ActiveCfg = Debug|Any CPU
		{C2F3947D-8DAE-4FF5-9B0D-957E68A9FDC9}.Debug|Any CPU.Build.0 = Debug|Any CPU
		{C2F3947D-8DAE-4FF5-9B0D-957E68A9FDC9}.Release|Any CPU.ActiveCfg = Release|Any CPU
		{C2F3947D-8DAE-4FF5-9B0D-957E68A9FDC9}.Release|Any CPU.Build.0 = Release|Any CPU
		{512F9BF3-0229-471F-AFBD-CDEF9BE1D1A3}.Debug|Any CPU.ActiveCfg = Debug|Any CPU
		{512F9BF3-0229-471F-AFBD-CDEF9BE1D1A3}.Debug|Any CPU.Build.0 = Debug|Any CPU
		{512F9BF3-0229-471F-AFBD-CDEF9BE1D1A3}.Release|Any CPU.ActiveCfg = Release|Any CPU
		{512F9BF3-0229-471F-AFBD-CDEF9BE1D1A3}.Release|Any CPU.Build.0 = Release|Any CPU
		{F4E790B3-8C7B-4FE1-BA08-A6A6C8559B59}.Debug|Any CPU.ActiveCfg = Debug|Any CPU
		{F4E790B3-8C7B-4FE1-BA08-A6A6C8559B59}.Debug|Any CPU.Build.0 = Debug|Any CPU
		{F4E790B3-8C7B-4FE1-BA08-A6A6C8559B59}.Release|Any CPU.ActiveCfg = Release|Any CPU
		{F4E790B3-8C7B-4FE1-BA08-A6A6C8559B59}.Release|Any CPU.Build.0 = Release|Any CPU
		{A350777C-EF7A-4884-A8AB-EAA50615F301}.Debug|Any CPU.ActiveCfg = Debug|Any CPU
		{A350777C-EF7A-4884-A8AB-EAA50615F301}.Debug|Any CPU.Build.0 = Debug|Any CPU
		{A350777C-EF7A-4884-A8AB-EAA50615F301}.Release|Any CPU.ActiveCfg = Release|Any CPU
		{A350777C-EF7A-4884-A8AB-EAA50615F301}.Release|Any CPU.Build.0 = Release|Any CPU
		{9FC2EF11-F6FF-431B-AAEC-13308BB62B0D}.Debug|Any CPU.ActiveCfg = Debug|Any CPU
		{9FC2EF11-F6FF-431B-AAEC-13308BB62B0D}.Debug|Any CPU.Build.0 = Debug|Any CPU
		{9FC2EF11-F6FF-431B-AAEC-13308BB62B0D}.Release|Any CPU.ActiveCfg = Release|Any CPU
		{9FC2EF11-F6FF-431B-AAEC-13308BB62B0D}.Release|Any CPU.Build.0 = Release|Any CPU
		{C1C66F36-D559-4292-B109-36B9FDD3565B}.Debug|Any CPU.ActiveCfg = Debug|Any CPU
		{C1C66F36-D559-4292-B109-36B9FDD3565B}.Debug|Any CPU.Build.0 = Debug|Any CPU
		{C1C66F36-D559-4292-B109-36B9FDD3565B}.Release|Any CPU.ActiveCfg = Release|Any CPU
		{C1C66F36-D559-4292-B109-36B9FDD3565B}.Release|Any CPU.Build.0 = Release|Any CPU
		{DB3CF116-1368-4676-BC70-5405071140D2}.Debug|Any CPU.ActiveCfg = Debug|Any CPU
		{DB3CF116-1368-4676-BC70-5405071140D2}.Debug|Any CPU.Build.0 = Debug|Any CPU
		{DB3CF116-1368-4676-BC70-5405071140D2}.Release|Any CPU.ActiveCfg = Release|Any CPU
		{DB3CF116-1368-4676-BC70-5405071140D2}.Release|Any CPU.Build.0 = Release|Any CPU
		{C059F1B2-E4B2-4FDB-9A73-94D617CC77E3}.Debug|Any CPU.ActiveCfg = Debug|Any CPU
		{C059F1B2-E4B2-4FDB-9A73-94D617CC77E3}.Debug|Any CPU.Build.0 = Debug|Any CPU
		{C059F1B2-E4B2-4FDB-9A73-94D617CC77E3}.Release|Any CPU.ActiveCfg = Release|Any CPU
		{C059F1B2-E4B2-4FDB-9A73-94D617CC77E3}.Release|Any CPU.Build.0 = Release|Any CPU
		{B2AC1514-E3CB-48FE-9DF4-A88388BE92DE}.Debug|Any CPU.ActiveCfg = Debug|Any CPU
		{B2AC1514-E3CB-48FE-9DF4-A88388BE92DE}.Debug|Any CPU.Build.0 = Debug|Any CPU
		{B2AC1514-E3CB-48FE-9DF4-A88388BE92DE}.Release|Any CPU.ActiveCfg = Release|Any CPU
		{B2AC1514-E3CB-48FE-9DF4-A88388BE92DE}.Release|Any CPU.Build.0 = Release|Any CPU
		{A5CFE61B-FCCC-4745-8421-7C1048D86202}.Debug|Any CPU.ActiveCfg = Debug|Any CPU
		{A5CFE61B-FCCC-4745-8421-7C1048D86202}.Debug|Any CPU.Build.0 = Debug|Any CPU
		{A5CFE61B-FCCC-4745-8421-7C1048D86202}.Release|Any CPU.ActiveCfg = Release|Any CPU
		{A5CFE61B-FCCC-4745-8421-7C1048D86202}.Release|Any CPU.Build.0 = Release|Any CPU
		{BB78BFB3-7CFE-4D4E-A2E9-F7BBD0F615EE}.Debug|Any CPU.ActiveCfg = Debug|Any CPU
		{BB78BFB3-7CFE-4D4E-A2E9-F7BBD0F615EE}.Debug|Any CPU.Build.0 = Debug|Any CPU
		{BB78BFB3-7CFE-4D4E-A2E9-F7BBD0F615EE}.Release|Any CPU.ActiveCfg = Release|Any CPU
		{BB78BFB3-7CFE-4D4E-A2E9-F7BBD0F615EE}.Release|Any CPU.Build.0 = Release|Any CPU
		{850FC76B-F1DB-474B-9D03-9ECCC94FED55}.Debug|Any CPU.ActiveCfg = Debug|Any CPU
		{850FC76B-F1DB-474B-9D03-9ECCC94FED55}.Debug|Any CPU.Build.0 = Debug|Any CPU
		{850FC76B-F1DB-474B-9D03-9ECCC94FED55}.Release|Any CPU.ActiveCfg = Release|Any CPU
		{850FC76B-F1DB-474B-9D03-9ECCC94FED55}.Release|Any CPU.Build.0 = Release|Any CPU
		{63333DDA-0420-4308-90F5-6F42D4F79AD6}.Debug|Any CPU.ActiveCfg = Debug|Any CPU
		{63333DDA-0420-4308-90F5-6F42D4F79AD6}.Debug|Any CPU.Build.0 = Debug|Any CPU
		{63333DDA-0420-4308-90F5-6F42D4F79AD6}.Release|Any CPU.ActiveCfg = Release|Any CPU
		{63333DDA-0420-4308-90F5-6F42D4F79AD6}.Release|Any CPU.Build.0 = Release|Any CPU
		{0A9DC8C3-2ED4-4C1A-BA54-53EB866E20D9}.Debug|Any CPU.ActiveCfg = Debug|Any CPU
		{0A9DC8C3-2ED4-4C1A-BA54-53EB866E20D9}.Debug|Any CPU.Build.0 = Debug|Any CPU
		{0A9DC8C3-2ED4-4C1A-BA54-53EB866E20D9}.Release|Any CPU.ActiveCfg = Release|Any CPU
		{0A9DC8C3-2ED4-4C1A-BA54-53EB866E20D9}.Release|Any CPU.Build.0 = Release|Any CPU
		{28D32CAA-5A81-4B4F-9646-EAB563A34641}.Debug|Any CPU.ActiveCfg = Debug|Any CPU
		{28D32CAA-5A81-4B4F-9646-EAB563A34641}.Debug|Any CPU.Build.0 = Debug|Any CPU
		{28D32CAA-5A81-4B4F-9646-EAB563A34641}.Release|Any CPU.ActiveCfg = Release|Any CPU
		{28D32CAA-5A81-4B4F-9646-EAB563A34641}.Release|Any CPU.Build.0 = Release|Any CPU
		{F5304D27-B320-6AEE-7697-8FF92BBBFBF1}.Debug|Any CPU.ActiveCfg = Debug|Any CPU
		{F5304D27-B320-6AEE-7697-8FF92BBBFBF1}.Debug|Any CPU.Build.0 = Debug|Any CPU
		{F5304D27-B320-6AEE-7697-8FF92BBBFBF1}.Release|Any CPU.ActiveCfg = Release|Any CPU
		{F5304D27-B320-6AEE-7697-8FF92BBBFBF1}.Release|Any CPU.Build.0 = Release|Any CPU
		{CCACD52F-6A98-A9F6-990D-50E9FC231E81}.Debug|Any CPU.ActiveCfg = Debug|Any CPU
		{CCACD52F-6A98-A9F6-990D-50E9FC231E81}.Debug|Any CPU.Build.0 = Debug|Any CPU
		{CCACD52F-6A98-A9F6-990D-50E9FC231E81}.Release|Any CPU.ActiveCfg = Release|Any CPU
		{CCACD52F-6A98-A9F6-990D-50E9FC231E81}.Release|Any CPU.Build.0 = Release|Any CPU
		{401389A9-72ED-5AE8-A533-8BA7BF15D5ED}.Debug|Any CPU.ActiveCfg = Debug|Any CPU
		{401389A9-72ED-5AE8-A533-8BA7BF15D5ED}.Debug|Any CPU.Build.0 = Debug|Any CPU
		{401389A9-72ED-5AE8-A533-8BA7BF15D5ED}.Release|Any CPU.ActiveCfg = Release|Any CPU
		{401389A9-72ED-5AE8-A533-8BA7BF15D5ED}.Release|Any CPU.Build.0 = Release|Any CPU
		{E97C7400-DD03-495C-A20B-33B004203DAD}.Debug|Any CPU.ActiveCfg = Debug|Any CPU
		{E97C7400-DD03-495C-A20B-33B004203DAD}.Debug|Any CPU.Build.0 = Debug|Any CPU
		{E97C7400-DD03-495C-A20B-33B004203DAD}.Release|Any CPU.ActiveCfg = Release|Any CPU
		{E97C7400-DD03-495C-A20B-33B004203DAD}.Release|Any CPU.Build.0 = Release|Any CPU
		{7E98BABB-DCB3-4EFF-8D41-87B639140D3B}.Debug|Any CPU.ActiveCfg = Debug|Any CPU
		{7E98BABB-DCB3-4EFF-8D41-87B639140D3B}.Debug|Any CPU.Build.0 = Debug|Any CPU
		{7E98BABB-DCB3-4EFF-8D41-87B639140D3B}.Release|Any CPU.ActiveCfg = Release|Any CPU
		{7E98BABB-DCB3-4EFF-8D41-87B639140D3B}.Release|Any CPU.Build.0 = Release|Any CPU
		{03AA1305-F1AF-0F4D-A8DF-D94A1E5A3BD0}.Debug|Any CPU.ActiveCfg = Debug|Any CPU
		{03AA1305-F1AF-0F4D-A8DF-D94A1E5A3BD0}.Debug|Any CPU.Build.0 = Debug|Any CPU
		{03AA1305-F1AF-0F4D-A8DF-D94A1E5A3BD0}.Release|Any CPU.ActiveCfg = Release|Any CPU
		{03AA1305-F1AF-0F4D-A8DF-D94A1E5A3BD0}.Release|Any CPU.Build.0 = Release|Any CPU
		{C44870DB-E421-B877-9CA8-6CE64E0CBF62}.Debug|Any CPU.ActiveCfg = Debug|Any CPU
		{C44870DB-E421-B877-9CA8-6CE64E0CBF62}.Debug|Any CPU.Build.0 = Debug|Any CPU
		{C44870DB-E421-B877-9CA8-6CE64E0CBF62}.Release|Any CPU.ActiveCfg = Release|Any CPU
		{C44870DB-E421-B877-9CA8-6CE64E0CBF62}.Release|Any CPU.Build.0 = Release|Any CPU
		{E1D58C11-215A-420A-A267-1D5409D1047C}.Debug|Any CPU.ActiveCfg = Debug|Any CPU
		{E1D58C11-215A-420A-A267-1D5409D1047C}.Debug|Any CPU.Build.0 = Debug|Any CPU
		{E1D58C11-215A-420A-A267-1D5409D1047C}.Release|Any CPU.ActiveCfg = Release|Any CPU
		{E1D58C11-215A-420A-A267-1D5409D1047C}.Release|Any CPU.Build.0 = Release|Any CPU
		{9AE3D6A1-0822-35DB-D17F-46A5B6035869}.Debug|Any CPU.ActiveCfg = Debug|Any CPU
		{9AE3D6A1-0822-35DB-D17F-46A5B6035869}.Debug|Any CPU.Build.0 = Debug|Any CPU
		{9AE3D6A1-0822-35DB-D17F-46A5B6035869}.Release|Any CPU.ActiveCfg = Release|Any CPU
		{9AE3D6A1-0822-35DB-D17F-46A5B6035869}.Release|Any CPU.Build.0 = Release|Any CPU
		{FAD11FB2-C700-51E2-566D-08ACAE1E6F3D}.Debug|Any CPU.ActiveCfg = Debug|Any CPU
		{FAD11FB2-C700-51E2-566D-08ACAE1E6F3D}.Debug|Any CPU.Build.0 = Debug|Any CPU
		{FAD11FB2-C700-51E2-566D-08ACAE1E6F3D}.Release|Any CPU.ActiveCfg = Release|Any CPU
		{FAD11FB2-C700-51E2-566D-08ACAE1E6F3D}.Release|Any CPU.Build.0 = Release|Any CPU
		{228D97A1-61D4-EBDA-A420-F641107A7557}.Debug|Any CPU.ActiveCfg = Debug|Any CPU
		{228D97A1-61D4-EBDA-A420-F641107A7557}.Debug|Any CPU.Build.0 = Debug|Any CPU
		{228D97A1-61D4-EBDA-A420-F641107A7557}.Release|Any CPU.ActiveCfg = Release|Any CPU
		{228D97A1-61D4-EBDA-A420-F641107A7557}.Release|Any CPU.Build.0 = Release|Any CPU
		{6693106C-D7E6-C73F-9B8B-78E939ED857F}.Debug|Any CPU.ActiveCfg = Debug|Any CPU
		{6693106C-D7E6-C73F-9B8B-78E939ED857F}.Debug|Any CPU.Build.0 = Debug|Any CPU
		{6693106C-D7E6-C73F-9B8B-78E939ED857F}.Release|Any CPU.ActiveCfg = Release|Any CPU
		{6693106C-D7E6-C73F-9B8B-78E939ED857F}.Release|Any CPU.Build.0 = Release|Any CPU
		{E81F93E1-5B42-7459-DC6D-E86F454EB69E}.Debug|Any CPU.ActiveCfg = Debug|Any CPU
		{E81F93E1-5B42-7459-DC6D-E86F454EB69E}.Debug|Any CPU.Build.0 = Debug|Any CPU
		{E81F93E1-5B42-7459-DC6D-E86F454EB69E}.Release|Any CPU.ActiveCfg = Release|Any CPU
		{E81F93E1-5B42-7459-DC6D-E86F454EB69E}.Release|Any CPU.Build.0 = Release|Any CPU
		{1AA7D66C-E120-E56E-738F-CFEA9B536790}.Debug|Any CPU.ActiveCfg = Debug|Any CPU
		{1AA7D66C-E120-E56E-738F-CFEA9B536790}.Debug|Any CPU.Build.0 = Debug|Any CPU
		{1AA7D66C-E120-E56E-738F-CFEA9B536790}.Release|Any CPU.ActiveCfg = Release|Any CPU
		{1AA7D66C-E120-E56E-738F-CFEA9B536790}.Release|Any CPU.Build.0 = Release|Any CPU
		{875FD6D4-57CE-AC0A-F307-8028F0DD86F7}.Debug|Any CPU.ActiveCfg = Debug|Any CPU
		{875FD6D4-57CE-AC0A-F307-8028F0DD86F7}.Debug|Any CPU.Build.0 = Debug|Any CPU
		{875FD6D4-57CE-AC0A-F307-8028F0DD86F7}.Release|Any CPU.ActiveCfg = Release|Any CPU
		{875FD6D4-57CE-AC0A-F307-8028F0DD86F7}.Release|Any CPU.Build.0 = Release|Any CPU
		{02595987-4EE3-133C-D06E-57B02508B0B1}.Debug|Any CPU.ActiveCfg = Debug|Any CPU
		{02595987-4EE3-133C-D06E-57B02508B0B1}.Debug|Any CPU.Build.0 = Debug|Any CPU
		{02595987-4EE3-133C-D06E-57B02508B0B1}.Release|Any CPU.ActiveCfg = Release|Any CPU
		{02595987-4EE3-133C-D06E-57B02508B0B1}.Release|Any CPU.Build.0 = Release|Any CPU
		{D4E53356-8CAC-94DE-9B1E-9DEC0C5EC3DC}.Debug|Any CPU.ActiveCfg = Debug|Any CPU
		{D4E53356-8CAC-94DE-9B1E-9DEC0C5EC3DC}.Debug|Any CPU.Build.0 = Debug|Any CPU
		{D4E53356-8CAC-94DE-9B1E-9DEC0C5EC3DC}.Release|Any CPU.ActiveCfg = Release|Any CPU
		{D4E53356-8CAC-94DE-9B1E-9DEC0C5EC3DC}.Release|Any CPU.Build.0 = Release|Any CPU
		{B55CA404-7863-2446-576A-ED4AAA031F27}.Debug|Any CPU.ActiveCfg = Debug|Any CPU
		{B55CA404-7863-2446-576A-ED4AAA031F27}.Debug|Any CPU.Build.0 = Debug|Any CPU
		{B55CA404-7863-2446-576A-ED4AAA031F27}.Release|Any CPU.ActiveCfg = Release|Any CPU
		{B55CA404-7863-2446-576A-ED4AAA031F27}.Release|Any CPU.Build.0 = Release|Any CPU
		{0814D87C-28C8-2375-A2F0-FD8B7107B798}.Debug|Any CPU.ActiveCfg = Debug|Any CPU
		{0814D87C-28C8-2375-A2F0-FD8B7107B798}.Debug|Any CPU.Build.0 = Debug|Any CPU
		{0814D87C-28C8-2375-A2F0-FD8B7107B798}.Release|Any CPU.ActiveCfg = Release|Any CPU
		{0814D87C-28C8-2375-A2F0-FD8B7107B798}.Release|Any CPU.Build.0 = Release|Any CPU
		{02461C50-FCC1-1618-C494-3BFAB32169D8}.Debug|Any CPU.ActiveCfg = Debug|Any CPU
		{02461C50-FCC1-1618-C494-3BFAB32169D8}.Debug|Any CPU.Build.0 = Debug|Any CPU
		{02461C50-FCC1-1618-C494-3BFAB32169D8}.Release|Any CPU.ActiveCfg = Release|Any CPU
		{02461C50-FCC1-1618-C494-3BFAB32169D8}.Release|Any CPU.Build.0 = Release|Any CPU
		{0293C561-84ED-3CE3-7C9C-073394141137}.Debug|Any CPU.ActiveCfg = Debug|Any CPU
		{0293C561-84ED-3CE3-7C9C-073394141137}.Debug|Any CPU.Build.0 = Debug|Any CPU
		{0293C561-84ED-3CE3-7C9C-073394141137}.Release|Any CPU.ActiveCfg = Release|Any CPU
		{0293C561-84ED-3CE3-7C9C-073394141137}.Release|Any CPU.Build.0 = Release|Any CPU
		{C230B1E9-4B27-A9E4-CF26-3677A684761D}.Debug|Any CPU.ActiveCfg = Debug|Any CPU
		{C230B1E9-4B27-A9E4-CF26-3677A684761D}.Debug|Any CPU.Build.0 = Debug|Any CPU
		{C230B1E9-4B27-A9E4-CF26-3677A684761D}.Release|Any CPU.ActiveCfg = Release|Any CPU
		{C230B1E9-4B27-A9E4-CF26-3677A684761D}.Release|Any CPU.Build.0 = Release|Any CPU
		{363DCD79-2348-0F2F-FD9A-8F703DE58C2A}.Debug|Any CPU.ActiveCfg = Debug|Any CPU
		{363DCD79-2348-0F2F-FD9A-8F703DE58C2A}.Debug|Any CPU.Build.0 = Debug|Any CPU
		{363DCD79-2348-0F2F-FD9A-8F703DE58C2A}.Release|Any CPU.ActiveCfg = Release|Any CPU
		{363DCD79-2348-0F2F-FD9A-8F703DE58C2A}.Release|Any CPU.Build.0 = Release|Any CPU
		{12049C24-EDDC-BC88-CFCC-413C78EAEF29}.Debug|Any CPU.ActiveCfg = Debug|Any CPU
		{12049C24-EDDC-BC88-CFCC-413C78EAEF29}.Debug|Any CPU.Build.0 = Debug|Any CPU
		{12049C24-EDDC-BC88-CFCC-413C78EAEF29}.Release|Any CPU.ActiveCfg = Release|Any CPU
		{12049C24-EDDC-BC88-CFCC-413C78EAEF29}.Release|Any CPU.Build.0 = Release|Any CPU
		{703D90CF-F225-4831-B64D-38DFF2BB009B}.Debug|Any CPU.ActiveCfg = Debug|Any CPU
		{703D90CF-F225-4831-B64D-38DFF2BB009B}.Debug|Any CPU.Build.0 = Debug|Any CPU
		{703D90CF-F225-4831-B64D-38DFF2BB009B}.Release|Any CPU.ActiveCfg = Release|Any CPU
		{703D90CF-F225-4831-B64D-38DFF2BB009B}.Release|Any CPU.Build.0 = Release|Any CPU
	EndGlobalSection
	GlobalSection(SolutionProperties) = preSolution
		HideSolutionNode = FALSE
	EndGlobalSection
	GlobalSection(NestedProjects) = preSolution
		{C2F3947D-8DAE-4FF5-9B0D-957E68A9FDC9} = {CB720E79-FAF5-485B-84EF-8C1CAC0FB5E8}
		{512F9BF3-0229-471F-AFBD-CDEF9BE1D1A3} = {15FBC5D6-C759-477D-BF9F-2D3533930FB0}
		{F4E790B3-8C7B-4FE1-BA08-A6A6C8559B59} = {CB720E79-FAF5-485B-84EF-8C1CAC0FB5E8}
		{A350777C-EF7A-4884-A8AB-EAA50615F301} = {CB720E79-FAF5-485B-84EF-8C1CAC0FB5E8}
		{9FC2EF11-F6FF-431B-AAEC-13308BB62B0D} = {15FBC5D6-C759-477D-BF9F-2D3533930FB0}
		{C1C66F36-D559-4292-B109-36B9FDD3565B} = {15FBC5D6-C759-477D-BF9F-2D3533930FB0}
		{DB3CF116-1368-4676-BC70-5405071140D2} = {15FBC5D6-C759-477D-BF9F-2D3533930FB0}
		{C059F1B2-E4B2-4FDB-9A73-94D617CC77E3} = {CB720E79-FAF5-485B-84EF-8C1CAC0FB5E8}
		{B2AC1514-E3CB-48FE-9DF4-A88388BE92DE} = {15FBC5D6-C759-477D-BF9F-2D3533930FB0}
		{A5CFE61B-FCCC-4745-8421-7C1048D86202} = {15FBC5D6-C759-477D-BF9F-2D3533930FB0}
		{BB78BFB3-7CFE-4D4E-A2E9-F7BBD0F615EE} = {15FBC5D6-C759-477D-BF9F-2D3533930FB0}
		{850FC76B-F1DB-474B-9D03-9ECCC94FED55} = {15FBC5D6-C759-477D-BF9F-2D3533930FB0}
		{63333DDA-0420-4308-90F5-6F42D4F79AD6} = {15FBC5D6-C759-477D-BF9F-2D3533930FB0}
		{0A9DC8C3-2ED4-4C1A-BA54-53EB866E20D9} = {15FBC5D6-C759-477D-BF9F-2D3533930FB0}
		{F5304D27-B320-6AEE-7697-8FF92BBBFBF1} = {5A76657F-CF5D-46C7-961B-23384AC50A23}
		{CCACD52F-6A98-A9F6-990D-50E9FC231E81} = {15FBC5D6-C759-477D-BF9F-2D3533930FB0}
		{401389A9-72ED-5AE8-A533-8BA7BF15D5ED} = {CB720E79-FAF5-485B-84EF-8C1CAC0FB5E8}
		{03AA1305-F1AF-0F4D-A8DF-D94A1E5A3BD0} = {CB720E79-FAF5-485B-84EF-8C1CAC0FB5E8}
		{C44870DB-E421-B877-9CA8-6CE64E0CBF62} = {CB720E79-FAF5-485B-84EF-8C1CAC0FB5E8}
		{9AE3D6A1-0822-35DB-D17F-46A5B6035869} = {02EA681E-C7D8-13C7-8484-4AC65E1B71E8}
		{FAD11FB2-C700-51E2-566D-08ACAE1E6F3D} = {A1D04A56-2B1E-4ED7-AE08-4362E8FE30CD}
		{228D97A1-61D4-EBDA-A420-F641107A7557} = {BBD9EC69-2B27-4256-8483-B839E416432A}
		{6693106C-D7E6-C73F-9B8B-78E939ED857F} = {A1D04A56-2B1E-4ED7-AE08-4362E8FE30CD}
		{E81F93E1-5B42-7459-DC6D-E86F454EB69E} = {BE189D4D-47E3-47AF-91B3-4AEF806735A9}
		{1AA7D66C-E120-E56E-738F-CFEA9B536790} = {02EA681E-C7D8-13C7-8484-4AC65E1B71E8}
		{875FD6D4-57CE-AC0A-F307-8028F0DD86F7} = {02EA681E-C7D8-13C7-8484-4AC65E1B71E8}
		{02595987-4EE3-133C-D06E-57B02508B0B1} = {02EA681E-C7D8-13C7-8484-4AC65E1B71E8}
		{D4E53356-8CAC-94DE-9B1E-9DEC0C5EC3DC} = {A1D04A56-2B1E-4ED7-AE08-4362E8FE30CD}
		{B55CA404-7863-2446-576A-ED4AAA031F27} = {2A39B18C-3190-4F69-989D-4B8ED0C59397}
		{0814D87C-28C8-2375-A2F0-FD8B7107B798} = {2A39B18C-3190-4F69-989D-4B8ED0C59397}
		{02461C50-FCC1-1618-C494-3BFAB32169D8} = {2A39B18C-3190-4F69-989D-4B8ED0C59397}
		{0293C561-84ED-3CE3-7C9C-073394141137} = {2A39B18C-3190-4F69-989D-4B8ED0C59397}
		{C230B1E9-4B27-A9E4-CF26-3677A684761D} = {2A39B18C-3190-4F69-989D-4B8ED0C59397}
		{363DCD79-2348-0F2F-FD9A-8F703DE58C2A} = {2A39B18C-3190-4F69-989D-4B8ED0C59397}
		{12049C24-EDDC-BC88-CFCC-413C78EAEF29} = {CB720E79-FAF5-485B-84EF-8C1CAC0FB5E8}
	EndGlobalSection
	GlobalSection(ExtensibilityGlobals) = postSolution
		SolutionGuid = {078FEA0B-DE8E-488E-A3DF-7B91C67E1E5A}
	EndGlobalSection
EndGlobal
